
Microsoft Visual Studio Solution File, Format Version 12.00
# Visual Studio Version 16
VisualStudioVersion = 16.0.28922.388
MinimumVisualStudioVersion = 10.0.40219.1
Project("{FAE04EC0-301F-11D3-BF4B-00C04F79EFBC}") = "DatabaseProject", "DatabaseProject\DatabaseProject.csproj", "{355E979B-4419-4605-B14D-3ECEBBF180EA}"
EndProject
Global
	GlobalSection(SolutionConfigurationPlatforms) = preSolution
		Debug|Any CPU = Debug|Any CPU
		Release|Any CPU = Release|Any CPU
	EndGlobalSection
	GlobalSection(ProjectConfigurationPlatforms) = postSolution
		{355E979B-4419-4605-B14D-3ECEBBF180EA}.Debug|Any CPU.ActiveCfg = Debug|Any CPU
		{355E979B-4419-4605-B14D-3ECEBBF180EA}.Debug|Any CPU.Build.0 = Debug|Any CPU
		{355E979B-4419-4605-B14D-3ECEBBF180EA}.Release|Any CPU.ActiveCfg = Release|Any CPU
		{355E979B-4419-4605-B14D-3ECEBBF180EA}.Release|Any CPU.Build.0 = Release|Any CPU
	EndGlobalSection
	GlobalSection(SolutionProperties) = preSolution
		HideSolutionNode = FALSE
	EndGlobalSection
	GlobalSection(ExtensibilityGlobals) = postSolution
		SolutionGuid = {9B3C0D5D-4D40-4209-95D8-DBBC00FE9A14}
	EndGlobalSection
EndGlobal
